
Microsoft Visual Studio Solution File, Format Version 12.00
# Visual Studio 14
VisualStudioVersion = 14.0.25420.1
MinimumVisualStudioVersion = 10.0.40219.1
Project("{FAE04EC0-301F-11D3-BF4B-00C04F79EFBC}") = "Common", "Common\Common.csproj", "{9A9EE85B-A4FA-4328-92D5-AB7AE1B516CA}"
EndProject
Project("{FAE04EC0-301F-11D3-BF4B-00C04F79EFBC}") = "WebApi", "WebApi\WebApi.csproj", "{57C7670D-4231-4EAE-9ABC-7EE31A349176}"
EndProject
Project("{FAE04EC0-301F-11D3-BF4B-00C04F79EFBC}") = "WebHost", "WebHost\WebHost.csproj", "{92BF00FF-B46E-4813-82D5-9A6978F7020E}"
EndProject
Project("{FAE04EC0-301F-11D3-BF4B-00C04F79EFBC}") = "SelfHost", "SelfHost\SelfHost.csproj", "{EC96EC8E-8771-4195-B17F-5B4028A4E8C5}"
EndProject
Project("{FAE04EC0-301F-11D3-BF4B-00C04F79EFBC}") = "WebApp", "WebApp\WebApp.csproj", "{4CF90FA7-C901-4762-8651-7E8809640454}"
EndProject
Project("{FAE04EC0-301F-11D3-BF4B-00C04F79EFBC}") = "ConsoleApp", "ConsoleApp\ConsoleApp.csproj", "{B3C02D06-2DD7-4B17-B55B-8256ED531222}"
EndProject
Project("{FAE04EC0-301F-11D3-BF4B-00C04F79EFBC}") = "WebAppForUrlMap", "WebAppForUrlMap\WebAppForUrlMap.csproj", "{01E481F3-A8B0-4225-B572-C77CAD47C2C1}"
EndProject
Project("{FAE04EC0-301F-11D3-BF4B-00C04F79EFBC}") = "WebAppForRoutePysicalPath", "WebAppForRoutePysicalPath\WebAppForRoutePysicalPath.csproj", "{30659050-C5B6-42E5-A383-0BE4EDE34128}"
EndProject
Project("{FAE04EC0-301F-11D3-BF4B-00C04F79EFBC}") = "MvcArcDemo", "MvcArcDemo\MvcArcDemo.csproj", "{A90B0042-C0A2-48A7-8EBC-E75D635FEC0F}"
EndProject
Project("{FAE04EC0-301F-11D3-BF4B-00C04F79EFBC}") = "ControllerHandleDemoForRouting", "ControllerHandleDemoForRouting\ControllerHandleDemoForRouting.csproj", "{B9C18F08-F88D-4BAB-972B-FFD2504F8309}"
EndProject
Project("{FAE04EC0-301F-11D3-BF4B-00C04F79EFBC}") = "WebApiForHttpMethodOverride", "WebApiForHttpMethodOverride\WebApiForHttpMethodOverride.csproj", "{5C71382A-D91E-4309-B8CF-A16247C12FFD}"
EndProject
Project("{FAE04EC0-301F-11D3-BF4B-00C04F79EFBC}") = "CosoleAppInvokeHttpMethod", "CosoleAppInvokeHttpMethod\CosoleAppInvokeHttpMethod.csproj", "{9226BD45-DBCB-463A-B65F-AEC1E1509A89}"
EndProject
Project("{FAE04EC0-301F-11D3-BF4B-00C04F79EFBC}") = "HttpBindingDemo", "HttpBindingDemo\HttpBindingDemo.csproj", "{E46D6C2A-C70A-4B83-8D68-57EB438382F0}"
EndProject
Project("{2150E333-8FDC-42A3-9474-1A3956D46DE8}") = "CustomAssemblesResolver", "CustomAssemblesResolver", "{BEA18C4F-6529-4EF3-9880-3D1F3D370F73}"
EndProject
Project("{2150E333-8FDC-42A3-9474-1A3956D46DE8}") = "WebApiHost", "WebApiHost", "{4F3B562A-F6F9-450E-B8D8-A5064C035164}"
EndProject
Project("{FAE04EC0-301F-11D3-BF4B-00C04F79EFBC}") = "Foo", "Foo\Foo.csproj", "{9FADD7D8-208D-4B91-B39F-476246119C3B}"
EndProject
Project("{FAE04EC0-301F-11D3-BF4B-00C04F79EFBC}") = "Bar", "Bar\Bar.csproj", "{EB2F601B-4C3B-47AD-8ECB-D8E6481B59A7}"
EndProject
Project("{FAE04EC0-301F-11D3-BF4B-00C04F79EFBC}") = "Baz", "Baz\Baz.csproj", "{90B69ECB-431C-4B12-BC2A-489E05C1004E}"
EndProject
Project("{FAE04EC0-301F-11D3-BF4B-00C04F79EFBC}") = "Hosting", "Hosting\Hosting.csproj", "{CE138CB8-C0C2-400F-AFB6-98816EEA8FE7}"
EndProject
Global
	GlobalSection(SolutionConfigurationPlatforms) = preSolution
		Debug|Any CPU = Debug|Any CPU
		Release|Any CPU = Release|Any CPU
	EndGlobalSection
	GlobalSection(ProjectConfigurationPlatforms) = postSolution
		{9A9EE85B-A4FA-4328-92D5-AB7AE1B516CA}.Debug|Any CPU.ActiveCfg = Debug|Any CPU
		{9A9EE85B-A4FA-4328-92D5-AB7AE1B516CA}.Debug|Any CPU.Build.0 = Debug|Any CPU
		{9A9EE85B-A4FA-4328-92D5-AB7AE1B516CA}.Release|Any CPU.ActiveCfg = Release|Any CPU
		{9A9EE85B-A4FA-4328-92D5-AB7AE1B516CA}.Release|Any CPU.Build.0 = Release|Any CPU
		{57C7670D-4231-4EAE-9ABC-7EE31A349176}.Debug|Any CPU.ActiveCfg = Debug|Any CPU
		{57C7670D-4231-4EAE-9ABC-7EE31A349176}.Debug|Any CPU.Build.0 = Debug|Any CPU
		{57C7670D-4231-4EAE-9ABC-7EE31A349176}.Release|Any CPU.ActiveCfg = Release|Any CPU
		{57C7670D-4231-4EAE-9ABC-7EE31A349176}.Release|Any CPU.Build.0 = Release|Any CPU
		{92BF00FF-B46E-4813-82D5-9A6978F7020E}.Debug|Any CPU.ActiveCfg = Debug|Any CPU
		{92BF00FF-B46E-4813-82D5-9A6978F7020E}.Debug|Any CPU.Build.0 = Debug|Any CPU
		{92BF00FF-B46E-4813-82D5-9A6978F7020E}.Release|Any CPU.ActiveCfg = Release|Any CPU
		{92BF00FF-B46E-4813-82D5-9A6978F7020E}.Release|Any CPU.Build.0 = Release|Any CPU
		{EC96EC8E-8771-4195-B17F-5B4028A4E8C5}.Debug|Any CPU.ActiveCfg = Debug|Any CPU
		{EC96EC8E-8771-4195-B17F-5B4028A4E8C5}.Debug|Any CPU.Build.0 = Debug|Any CPU
		{EC96EC8E-8771-4195-B17F-5B4028A4E8C5}.Release|Any CPU.ActiveCfg = Release|Any CPU
		{EC96EC8E-8771-4195-B17F-5B4028A4E8C5}.Release|Any CPU.Build.0 = Release|Any CPU
		{4CF90FA7-C901-4762-8651-7E8809640454}.Debug|Any CPU.ActiveCfg = Debug|Any CPU
		{4CF90FA7-C901-4762-8651-7E8809640454}.Debug|Any CPU.Build.0 = Debug|Any CPU
		{4CF90FA7-C901-4762-8651-7E8809640454}.Release|Any CPU.ActiveCfg = Release|Any CPU
		{4CF90FA7-C901-4762-8651-7E8809640454}.Release|Any CPU.Build.0 = Release|Any CPU
		{B3C02D06-2DD7-4B17-B55B-8256ED531222}.Debug|Any CPU.ActiveCfg = Debug|Any CPU
		{B3C02D06-2DD7-4B17-B55B-8256ED531222}.Debug|Any CPU.Build.0 = Debug|Any CPU
		{B3C02D06-2DD7-4B17-B55B-8256ED531222}.Release|Any CPU.ActiveCfg = Release|Any CPU
		{B3C02D06-2DD7-4B17-B55B-8256ED531222}.Release|Any CPU.Build.0 = Release|Any CPU
		{01E481F3-A8B0-4225-B572-C77CAD47C2C1}.Debug|Any CPU.ActiveCfg = Debug|Any CPU
		{01E481F3-A8B0-4225-B572-C77CAD47C2C1}.Debug|Any CPU.Build.0 = Debug|Any CPU
		{01E481F3-A8B0-4225-B572-C77CAD47C2C1}.Release|Any CPU.ActiveCfg = Release|Any CPU
		{01E481F3-A8B0-4225-B572-C77CAD47C2C1}.Release|Any CPU.Build.0 = Release|Any CPU
		{30659050-C5B6-42E5-A383-0BE4EDE34128}.Debug|Any CPU.ActiveCfg = Debug|Any CPU
		{30659050-C5B6-42E5-A383-0BE4EDE34128}.Debug|Any CPU.Build.0 = Debug|Any CPU
		{30659050-C5B6-42E5-A383-0BE4EDE34128}.Release|Any CPU.ActiveCfg = Release|Any CPU
		{30659050-C5B6-42E5-A383-0BE4EDE34128}.Release|Any CPU.Build.0 = Release|Any CPU
		{A90B0042-C0A2-48A7-8EBC-E75D635FEC0F}.Debug|Any CPU.ActiveCfg = Debug|Any CPU
		{A90B0042-C0A2-48A7-8EBC-E75D635FEC0F}.Debug|Any CPU.Build.0 = Debug|Any CPU
		{A90B0042-C0A2-48A7-8EBC-E75D635FEC0F}.Release|Any CPU.ActiveCfg = Release|Any CPU
		{A90B0042-C0A2-48A7-8EBC-E75D635FEC0F}.Release|Any CPU.Build.0 = Release|Any CPU
		{B9C18F08-F88D-4BAB-972B-FFD2504F8309}.Debug|Any CPU.ActiveCfg = Debug|Any CPU
		{B9C18F08-F88D-4BAB-972B-FFD2504F8309}.Debug|Any CPU.Build.0 = Debug|Any CPU
		{B9C18F08-F88D-4BAB-972B-FFD2504F8309}.Release|Any CPU.ActiveCfg = Release|Any CPU
		{B9C18F08-F88D-4BAB-972B-FFD2504F8309}.Release|Any CPU.Build.0 = Release|Any CPU
		{5C71382A-D91E-4309-B8CF-A16247C12FFD}.Debug|Any CPU.ActiveCfg = Debug|Any CPU
		{5C71382A-D91E-4309-B8CF-A16247C12FFD}.Debug|Any CPU.Build.0 = Debug|Any CPU
		{5C71382A-D91E-4309-B8CF-A16247C12FFD}.Release|Any CPU.ActiveCfg = Release|Any CPU
		{5C71382A-D91E-4309-B8CF-A16247C12FFD}.Release|Any CPU.Build.0 = Release|Any CPU
		{9226BD45-DBCB-463A-B65F-AEC1E1509A89}.Debug|Any CPU.ActiveCfg = Debug|Any CPU
		{9226BD45-DBCB-463A-B65F-AEC1E1509A89}.Debug|Any CPU.Build.0 = Debug|Any CPU
		{9226BD45-DBCB-463A-B65F-AEC1E1509A89}.Release|Any CPU.ActiveCfg = Release|Any CPU
		{9226BD45-DBCB-463A-B65F-AEC1E1509A89}.Release|Any CPU.Build.0 = Release|Any CPU
		{E46D6C2A-C70A-4B83-8D68-57EB438382F0}.Debug|Any CPU.ActiveCfg = Debug|Any CPU
		{E46D6C2A-C70A-4B83-8D68-57EB438382F0}.Debug|Any CPU.Build.0 = Debug|Any CPU
		{E46D6C2A-C70A-4B83-8D68-57EB438382F0}.Release|Any CPU.ActiveCfg = Release|Any CPU
		{E46D6C2A-C70A-4B83-8D68-57EB438382F0}.Release|Any CPU.Build.0 = Release|Any CPU
		{9FADD7D8-208D-4B91-B39F-476246119C3B}.Debug|Any CPU.ActiveCfg = Debug|Any CPU
		{9FADD7D8-208D-4B91-B39F-476246119C3B}.Debug|Any CPU.Build.0 = Debug|Any CPU
		{9FADD7D8-208D-4B91-B39F-476246119C3B}.Release|Any CPU.ActiveCfg = Release|Any CPU
		{9FADD7D8-208D-4B91-B39F-476246119C3B}.Release|Any CPU.Build.0 = Release|Any CPU
		{EB2F601B-4C3B-47AD-8ECB-D8E6481B59A7}.Debug|Any CPU.ActiveCfg = Debug|Any CPU
		{EB2F601B-4C3B-47AD-8ECB-D8E6481B59A7}.Debug|Any CPU.Build.0 = Debug|Any CPU
		{EB2F601B-4C3B-47AD-8ECB-D8E6481B59A7}.Release|Any CPU.ActiveCfg = Release|Any CPU
		{EB2F601B-4C3B-47AD-8ECB-D8E6481B59A7}.Release|Any CPU.Build.0 = Release|Any CPU
		{90B69ECB-431C-4B12-BC2A-489E05C1004E}.Debug|Any CPU.ActiveCfg = Debug|Any CPU
		{90B69ECB-431C-4B12-BC2A-489E05C1004E}.Debug|Any CPU.Build.0 = Debug|Any CPU
		{90B69ECB-431C-4B12-BC2A-489E05C1004E}.Release|Any CPU.ActiveCfg = Release|Any CPU
		{90B69ECB-431C-4B12-BC2A-489E05C1004E}.Release|Any CPU.Build.0 = Release|Any CPU
		{CE138CB8-C0C2-400F-AFB6-98816EEA8FE7}.Debug|Any CPU.ActiveCfg = Debug|Any CPU
		{CE138CB8-C0C2-400F-AFB6-98816EEA8FE7}.Debug|Any CPU.Build.0 = Debug|Any CPU
		{CE138CB8-C0C2-400F-AFB6-98816EEA8FE7}.Release|Any CPU.ActiveCfg = Release|Any CPU
		{CE138CB8-C0C2-400F-AFB6-98816EEA8FE7}.Release|Any CPU.Build.0 = Release|Any CPU
	EndGlobalSection
	GlobalSection(SolutionProperties) = preSolution
		HideSolutionNode = FALSE
	EndGlobalSection
	GlobalSection(NestedProjects) = preSolution
		{57C7670D-4231-4EAE-9ABC-7EE31A349176} = {4F3B562A-F6F9-450E-B8D8-A5064C035164}
		{92BF00FF-B46E-4813-82D5-9A6978F7020E} = {4F3B562A-F6F9-450E-B8D8-A5064C035164}
		{EC96EC8E-8771-4195-B17F-5B4028A4E8C5} = {4F3B562A-F6F9-450E-B8D8-A5064C035164}
		{9FADD7D8-208D-4B91-B39F-476246119C3B} = {BEA18C4F-6529-4EF3-9880-3D1F3D370F73}
		{EB2F601B-4C3B-47AD-8ECB-D8E6481B59A7} = {BEA18C4F-6529-4EF3-9880-3D1F3D370F73}
		{90B69ECB-431C-4B12-BC2A-489E05C1004E} = {BEA18C4F-6529-4EF3-9880-3D1F3D370F73}
		{CE138CB8-C0C2-400F-AFB6-98816EEA8FE7} = {BEA18C4F-6529-4EF3-9880-3D1F3D370F73}
	EndGlobalSection
EndGlobal
